// !$*UTF8*$!
{
	archiveVersion = 1;
	classes = {
	};
	objectVersion = 46;
	objects = {

/* Begin PBXBuildFile section */
		A5095A021CD61E8000BF36FB /* SchedulesTableViewController.swift in Sources */ = {isa = PBXBuildFile; fileRef = A5095A011CD61E8000BF36FB /* SchedulesTableViewController.swift */; settings = {ASSET_TAGS = (); }; };
		A51ADF0B1CCF21660078A2A2 /* AppDelegate.swift in Sources */ = {isa = PBXBuildFile; fileRef = A51ADF0A1CCF21660078A2A2 /* AppDelegate.swift */; };
		A51ADF0D1CCF21660078A2A2 /* ViewController.swift in Sources */ = {isa = PBXBuildFile; fileRef = A51ADF0C1CCF21660078A2A2 /* ViewController.swift */; };
		A51ADF101CCF21660078A2A2 /* Main.storyboard in Resources */ = {isa = PBXBuildFile; fileRef = A51ADF0E1CCF21660078A2A2 /* Main.storyboard */; };
		A51ADF121CCF21660078A2A2 /* Assets.xcassets in Resources */ = {isa = PBXBuildFile; fileRef = A51ADF111CCF21660078A2A2 /* Assets.xcassets */; };
		A51ADF151CCF21660078A2A2 /* LaunchScreen.storyboard in Resources */ = {isa = PBXBuildFile; fileRef = A51ADF131CCF21660078A2A2 /* LaunchScreen.storyboard */; };
		A56FDF891CD085EF009DA929 /* TasksTableViewCell.swift in Sources */ = {isa = PBXBuildFile; fileRef = A56FDF881CD085EF009DA929 /* TasksTableViewCell.swift */; settings = {ASSET_TAGS = (); }; };
		A5E76CE71CCFFAF300E7102B /* TasksTableViewController.swift in Sources */ = {isa = PBXBuildFile; fileRef = A5E76CE61CCFFAF300E7102B /* TasksTableViewController.swift */; settings = {ASSET_TAGS = (); }; };
/* End PBXBuildFile section */

/* Begin PBXFileReference section */
		A5095A011CD61E8000BF36FB /* SchedulesTableViewController.swift */ = {isa = PBXFileReference; fileEncoding = 4; lastKnownFileType = sourcecode.swift; path = SchedulesTableViewController.swift; sourceTree = "<group>"; };
		A51ADF071CCF21660078A2A2 /* KDash.app */ = {isa = PBXFileReference; explicitFileType = wrapper.application; includeInIndex = 0; path = KDash.app; sourceTree = BUILT_PRODUCTS_DIR; };
		A51ADF0A1CCF21660078A2A2 /* AppDelegate.swift */ = {isa = PBXFileReference; lastKnownFileType = sourcecode.swift; path = AppDelegate.swift; sourceTree = "<group>"; };
		A51ADF0C1CCF21660078A2A2 /* ViewController.swift */ = {isa = PBXFileReference; lastKnownFileType = sourcecode.swift; path = ViewController.swift; sourceTree = "<group>"; };
		A51ADF0F1CCF21660078A2A2 /* Base */ = {isa = PBXFileReference; lastKnownFileType = file.storyboard; name = Base; path = Base.lproj/Main.storyboard; sourceTree = "<group>"; };
		A51ADF111CCF21660078A2A2 /* Assets.xcassets */ = {isa = PBXFileReference; lastKnownFileType = folder.assetcatalog; path = Assets.xcassets; sourceTree = "<group>"; };
		A51ADF141CCF21660078A2A2 /* Base */ = {isa = PBXFileReference; lastKnownFileType = file.storyboard; name = Base; path = Base.lproj/LaunchScreen.storyboard; sourceTree = "<group>"; };
		A51ADF161CCF21660078A2A2 /* Info.plist */ = {isa = PBXFileReference; lastKnownFileType = text.plist.xml; path = Info.plist; sourceTree = "<group>"; };
		A56FDF881CD085EF009DA929 /* TasksTableViewCell.swift */ = {isa = PBXFileReference; fileEncoding = 4; lastKnownFileType = sourcecode.swift; path = TasksTableViewCell.swift; sourceTree = "<group>"; };
		A5E76CE61CCFFAF300E7102B /* TasksTableViewController.swift */ = {isa = PBXFileReference; fileEncoding = 4; lastKnownFileType = sourcecode.swift; path = TasksTableViewController.swift; sourceTree = "<group>"; };
/* End PBXFileReference section */

/* Begin PBXFrameworksBuildPhase section */
		A51ADF041CCF21660078A2A2 /* Frameworks */ = {
			isa = PBXFrameworksBuildPhase;
			buildActionMask = 2147483647;
			files = (
			);
			runOnlyForDeploymentPostprocessing = 0;
		};
/* End PBXFrameworksBuildPhase section */

/* Begin PBXGroup section */
		A51ADEFE1CCF21660078A2A2 = {
			isa = PBXGroup;
			children = (
				A51ADF091CCF21660078A2A2 /* KDash */,
				A51ADF081CCF21660078A2A2 /* Products */,
			);
			sourceTree = "<group>";
		};
		A51ADF081CCF21660078A2A2 /* Products */ = {
			isa = PBXGroup;
			children = (
				A51ADF071CCF21660078A2A2 /* KDash.app */,
			);
			name = Products;
			sourceTree = "<group>";
		};
		A51ADF091CCF21660078A2A2 /* KDash */ = {
			isa = PBXGroup;
			children = (
				A51ADF0A1CCF21660078A2A2 /* AppDelegate.swift */,
				A51ADF0C1CCF21660078A2A2 /* ViewController.swift */,
				A5E76CE61CCFFAF300E7102B /* TasksTableViewController.swift */,
				A51ADF0E1CCF21660078A2A2 /* Main.storyboard */,
				A5095A011CD61E8000BF36FB /* SchedulesTableViewController.swift */,
				A51ADF111CCF21660078A2A2 /* Assets.xcassets */,
				A51ADF131CCF21660078A2A2 /* LaunchScreen.storyboard */,
				A51ADF161CCF21660078A2A2 /* Info.plist */,
				A56FDF881CD085EF009DA929 /* TasksTableViewCell.swift */,
			);
			path = KDash;
			sourceTree = "<group>";
		};
/* End PBXGroup section */

/* Begin PBXNativeTarget section */
		A51ADF061CCF21660078A2A2 /* KDash */ = {
			isa = PBXNativeTarget;
			buildConfigurationList = A51ADF191CCF21660078A2A2 /* Build configuration list for PBXNativeTarget "KDash" */;
			buildPhases = (
				A51ADF031CCF21660078A2A2 /* Sources */,
				A51ADF041CCF21660078A2A2 /* Frameworks */,
				A51ADF051CCF21660078A2A2 /* Resources */,
			);
			buildRules = (
			);
			dependencies = (
			);
			name = KDash;
			productName = KDash;
			productReference = A51ADF071CCF21660078A2A2 /* KDash.app */;
			productType = "com.apple.product-type.application";
		};
/* End PBXNativeTarget section */

/* Begin PBXProject section */
		A51ADEFF1CCF21660078A2A2 /* Project object */ = {
			isa = PBXProject;
			attributes = {
				LastUpgradeCheck = 0700;
				ORGANIZATIONNAME = Kohls;
				TargetAttributes = {
					A51ADF061CCF21660078A2A2 = {
						CreatedOnToolsVersion = 7.0;
						DevelopmentTeam = Q43KS8XM2A;
					};
				};
			};
			buildConfigurationList = A51ADF021CCF21660078A2A2 /* Build configuration list for PBXProject "KDash" */;
			compatibilityVersion = "Xcode 3.2";
			developmentRegion = English;
			hasScannedForEncodings = 0;
			knownRegions = (
				en,
				Base,
			);
			mainGroup = A51ADEFE1CCF21660078A2A2;
			productRefGroup = A51ADF081CCF21660078A2A2 /* Products */;
			projectDirPath = "";
			projectRoot = "";
			targets = (
				A51ADF061CCF21660078A2A2 /* KDash */,
			);
		};
/* End PBXProject section */

/* Begin PBXResourcesBuildPhase section */
		A51ADF051CCF21660078A2A2 /* Resources */ = {
			isa = PBXResourcesBuildPhase;
			buildActionMask = 2147483647;
			files = (
				A51ADF151CCF21660078A2A2 /* LaunchScreen.storyboard in Resources */,
				A51ADF121CCF21660078A2A2 /* Assets.xcassets in Resources */,
				A51ADF101CCF21660078A2A2 /* Main.storyboard in Resources */,
			);
			runOnlyForDeploymentPostprocessing = 0;
		};
/* End PBXResourcesBuildPhase section */

/* Begin PBXSourcesBuildPhase section */
		A51ADF031CCF21660078A2A2 /* Sources */ = {
			isa = PBXSourcesBuildPhase;
			buildActionMask = 2147483647;
			files = (
				A5095A021CD61E8000BF36FB /* SchedulesTableViewController.swift in Sources */,
				A56FDF891CD085EF009DA929 /* TasksTableViewCell.swift in Sources */,
				A5E76CE71CCFFAF300E7102B /* TasksTableViewController.swift in Sources */,
				A51ADF0D1CCF21660078A2A2 /* ViewController.swift in Sources */,
				A51ADF0B1CCF21660078A2A2 /* AppDelegate.swift in Sources */,
			);
			runOnlyForDeploymentPostprocessing = 0;
		};
/* End PBXSourcesBuildPhase section */

/* Begin PBXVariantGroup section */
		A51ADF0E1CCF21660078A2A2 /* Main.storyboard */ = {
			isa = PBXVariantGroup;
			children = (
				A51ADF0F1CCF21660078A2A2 /* Base */,
			);
			name = Main.storyboard;
			sourceTree = "<group>";
		};
		A51ADF131CCF21660078A2A2 /* LaunchScreen.storyboard */ = {
			isa = PBXVariantGroup;
			children = (
				A51ADF141CCF21660078A2A2 /* Base */,
			);
			name = LaunchScreen.storyboard;
			sourceTree = "<group>";
		};
/* End PBXVariantGroup section */

/* Begin XCBuildConfiguration section */
		A51ADF171CCF21660078A2A2 /* Debug */ = {
			isa = XCBuildConfiguration;
			buildSettings = {
				ALWAYS_SEARCH_USER_PATHS = NO;
				CLANG_CXX_LANGUAGE_STANDARD = "gnu++0x";
				CLANG_CXX_LIBRARY = "libc++";
				CLANG_ENABLE_MODULES = YES;
				CLANG_ENABLE_OBJC_ARC = YES;
				CLANG_WARN_BOOL_CONVERSION = YES;
				CLANG_WARN_CONSTANT_CONVERSION = YES;
				CLANG_WARN_DIRECT_OBJC_ISA_USAGE = YES_ERROR;
				CLANG_WARN_EMPTY_BODY = YES;
				CLANG_WARN_ENUM_CONVERSION = YES;
				CLANG_WARN_INT_CONVERSION = YES;
				CLANG_WARN_OBJC_ROOT_CLASS = YES_ERROR;
				CLANG_WARN_UNREACHABLE_CODE = YES;
				CLANG_WARN__DUPLICATE_METHOD_MATCH = YES;
				"CODE_SIGN_IDENTITY[sdk=iphoneos*]" = "iPhone Developer";
				COPY_PHASE_STRIP = NO;
				DEBUG_INFORMATION_FORMAT = dwarf;
				ENABLE_STRICT_OBJC_MSGSEND = YES;
				ENABLE_TESTABILITY = YES;
				GCC_C_LANGUAGE_STANDARD = gnu99;
				GCC_DYNAMIC_NO_PIC = NO;
				GCC_NO_COMMON_BLOCKS = YES;
				GCC_OPTIMIZATION_LEVEL = 0;
				GCC_PREPROCESSOR_DEFINITIONS = (
					"DEBUG=1",
					"$(inherited)",
				);
				GCC_WARN_64_TO_32_BIT_CONVERSION = YES;
				GCC_WARN_ABOUT_RETURN_TYPE = YES_ERROR;
				GCC_WARN_UNDECLARED_SELECTOR = YES;
				GCC_WARN_UNINITIALIZED_AUTOS = YES_AGGRESSIVE;
				GCC_WARN_UNUSED_FUNCTION = YES;
				GCC_WARN_UNUSED_VARIABLE = YES;
				IPHONEOS_DEPLOYMENT_TARGET = 9.0;
				MTL_ENABLE_DEBUG_INFO = YES;
				ONLY_ACTIVE_ARCH = YES;
				SDKROOT = iphoneos;
				SWIFT_OPTIMIZATION_LEVEL = "-Onone";
				TARGETED_DEVICE_FAMILY = "1,2";
			};
			name = Debug;
		};
		A51ADF181CCF21660078A2A2 /* Release */ = {
			isa = XCBuildConfiguration;
			buildSettings = {
				ALWAYS_SEARCH_USER_PATHS = NO;
				CLANG_CXX_LANGUAGE_STANDARD = "gnu++0x";
				CLANG_CXX_LIBRARY = "libc++";
				CLANG_ENABLE_MODULES = YES;
				CLANG_ENABLE_OBJC_ARC = YES;
				CLANG_WARN_BOOL_CONVERSION = YES;
				CLANG_WARN_CONSTANT_CONVERSION = YES;
				CLANG_WARN_DIRECT_OBJC_ISA_USAGE = YES_ERROR;
				CLANG_WARN_EMPTY_BODY = YES;
				CLANG_WARN_ENUM_CONVERSION = YES;
				CLANG_WARN_INT_CONVERSION = YES;
				CLANG_WARN_OBJC_ROOT_CLASS = YES_ERROR;
				CLANG_WARN_UNREACHABLE_CODE = YES;
				CLANG_WARN__DUPLICATE_METHOD_MATCH = YES;
				"CODE_SIGN_IDENTITY[sdk=iphoneos*]" = "iPhone Developer";
				COPY_PHASE_STRIP = NO;
				DEBUG_INFORMATION_FORMAT = "dwarf-with-dsym";
				ENABLE_NS_ASSERTIONS = NO;
				ENABLE_STRICT_OBJC_MSGSEND = YES;
				GCC_C_LANGUAGE_STANDARD = gnu99;
				GCC_NO_COMMON_BLOCKS = YES;
				GCC_WARN_64_TO_32_BIT_CONVERSION = YES;
				GCC_WARN_ABOUT_RETURN_TYPE = YES_ERROR;
				GCC_WARN_UNDECLARED_SELECTOR = YES;
				GCC_WARN_UNINITIALIZED_AUTOS = YES_AGGRESSIVE;
				GCC_WARN_UNUSED_FUNCTION = YES;
				GCC_WARN_UNUSED_VARIABLE = YES;
				IPHONEOS_DEPLOYMENT_TARGET = 9.0;
				MTL_ENABLE_DEBUG_INFO = NO;
				SDKROOT = iphoneos;
				TARGETED_DEVICE_FAMILY = "1,2";
				VALIDATE_PRODUCT = YES;
			};
			name = Release;
		};
		A51ADF1A1CCF21660078A2A2 /* Debug */ = {
			isa = XCBuildConfiguration;
			buildSettings = {
				ASSETCATALOG_COMPILER_APPICON_NAME = AppIcon;
				CODE_SIGN_IDENTITY = "iPhone Developer: ANKIT GROVER (V5GLM39CYW)";
				"CODE_SIGN_IDENTITY[sdk=iphoneos*]" = "iPhone Developer";
				INFOPLIST_FILE = KDash/Info.plist;
				IPHONEOS_DEPLOYMENT_TARGET = 8.0;
				LD_RUNPATH_SEARCH_PATHS = "$(inherited) @executable_path/Frameworks";
				PRODUCT_BUNDLE_IDENTIFIER = com.kohls.mcommerce.apps;
				PRODUCT_NAME = "$(TARGET_NAME)";
				PROVISIONING_PROFILE = "";
			};
			name = Debug;
		};
		A51ADF1B1CCF21660078A2A2 /* Release */ = {
			isa = XCBuildConfiguration;
			buildSettings = {
				ASSETCATALOG_COMPILER_APPICON_NAME = AppIcon;
				CODE_SIGN_IDENTITY = "iPhone Developer: ANKIT GROVER (V5GLM39CYW)";
				"CODE_SIGN_IDENTITY[sdk=iphoneos*]" = "iPhone Developer";
				INFOPLIST_FILE = KDash/Info.plist;
				IPHONEOS_DEPLOYMENT_TARGET = 8.0;
				LD_RUNPATH_SEARCH_PATHS = "$(inherited) @executable_path/Frameworks";
				PRODUCT_BUNDLE_IDENTIFIER = com.kohls.mcommerce.apps;
				PRODUCT_NAME = "$(TARGET_NAME)";
				PROVISIONING_PROFILE = "";
			};
			name = Release;
		};
/* End XCBuildConfiguration section */

/* Begin XCConfigurationList section */
		A51ADF021CCF21660078A2A2 /* Build configuration list for PBXProject "KDash" */ = {
			isa = XCConfigurationList;
			buildConfigurations = (
				A51ADF171CCF21660078A2A2 /* Debug */,
				A51ADF181CCF21660078A2A2 /* Release */,
			);
			defaultConfigurationIsVisible = 0;
			defaultConfigurationName = Release;
		};
		A51ADF191CCF21660078A2A2 /* Build configuration list for PBXNativeTarget "KDash" */ = {
			isa = XCConfigurationList;
			buildConfigurations = (
				A51ADF1A1CCF21660078A2A2 /* Debug */,
				A51ADF1B1CCF21660078A2A2 /* Release */,
			);
			defaultConfigurationIsVisible = 0;
			defaultConfigurationName = Release;
		};
/* End XCConfigurationList section */
	};
	rootObject = A51ADEFF1CCF21660078A2A2 /* Project object */;
}
